
Microsoft Visual Studio Solution File, Format Version 12.00
# Visual Studio Version 17
VisualStudioVersion = 17.6.33815.320
MinimumVisualStudioVersion = 10.0.40219.1
Project("{FAE04EC0-301F-11D3-BF4B-00C04F79EFBC}") = "FlightBooking", "FlightBooking\FlightBooking.csproj", "{47D3BEAA-1F2B-4572-8309-07B243583748}"
EndProject
Global
	GlobalSection(SolutionConfigurationPlatforms) = preSolution
		Debug|Any CPU = Debug|Any CPU
		Release|Any CPU = Release|Any CPU
	EndGlobalSection
	GlobalSection(ProjectConfigurationPlatforms) = postSolution
		{47D3BEAA-1F2B-4572-8309-07B243583748}.Debug|Any CPU.ActiveCfg = Debug|Any CPU
		{47D3BEAA-1F2B-4572-8309-07B243583748}.Debug|Any CPU.Build.0 = Debug|Any CPU
		{47D3BEAA-1F2B-4572-8309-07B243583748}.Release|Any CPU.ActiveCfg = Release|Any CPU
		{47D3BEAA-1F2B-4572-8309-07B243583748}.Release|Any CPU.Build.0 = Release|Any CPU
	EndGlobalSection
	GlobalSection(SolutionProperties) = preSolution
		HideSolutionNode = FALSE
	EndGlobalSection
	GlobalSection(ExtensibilityGlobals) = postSolution
		SolutionGuid = {3F133B7E-F8BE-4495-8678-F7A915B49EB7}
	EndGlobalSection
EndGlobal
